// !$*UTF8*$!
{
	archiveVersion = 1;
	classes = {
	};
	objectVersion = 77;
	objects = {

/* Begin PBXContainerItemProxy section */
		AC4F81052E489DAD00161A23 /* PBXContainerItemProxy */ = {
			isa = PBXContainerItemProxy;
			containerPortal = AC4F80EB2E489DAC00161A23 /* Project object */;
			proxyType = 1;
			remoteGlobalIDString = AC4F80F22E489DAC00161A23;
			remoteInfo = Ganttiek;
		};
		AC4F810F2E489DAD00161A23 /* PBXContainerItemProxy */ = {
			isa = PBXContainerItemProxy;
			containerPortal = AC4F80EB2E489DAC00161A23 /* Project object */;
			proxyType = 1;
			remoteGlobalIDString = AC4F80F22E489DAC00161A23;
			remoteInfo = Ganttiek;
		};
		AC4F813C2E48A2E900161A23 /* PBXContainerItemProxy */ = {
			isa = PBXContainerItemProxy;
			containerPortal = AC4F80EB2E489DAC00161A23 /* Project object */;
			proxyType = 1;
			remoteGlobalIDString = AC4F812C2E48A2E800161A23;
			remoteInfo = "Ganttiek iOS";
		};
		AC4F81462E48A2E900161A23 /* PBXContainerItemProxy */ = {
			isa = PBXContainerItemProxy;
			containerPortal = AC4F80EB2E489DAC00161A23 /* Project object */;
			proxyType = 1;
			remoteGlobalIDString = AC4F812C2E48A2E800161A23;
			remoteInfo = "Ganttiek iOS";
		};
/* End PBXContainerItemProxy section */

/* Begin PBXFileReference section */
		AC4F80F32E489DAC00161A23 /* Ganttiek.app */ = {isa = PBXFileReference; explicitFileType = wrapper.application; includeInIndex = 0; path = Ganttiek.app; sourceTree = BUILT_PRODUCTS_DIR; };
		AC4F81042E489DAD00161A23 /* GanttiekTests.xctest */ = {isa = PBXFileReference; explicitFileType = wrapper.cfbundle; includeInIndex = 0; path = GanttiekTests.xctest; sourceTree = BUILT_PRODUCTS_DIR; };
		AC4F810E2E489DAD00161A23 /* GanttiekUITests.xctest */ = {isa = PBXFileReference; explicitFileType = wrapper.cfbundle; includeInIndex = 0; path = GanttiekUITests.xctest; sourceTree = BUILT_PRODUCTS_DIR; };
		AC4F812D2E48A2E800161A23 /* Ganttiek iOS.app */ = {isa = PBXFileReference; explicitFileType = wrapper.application; includeInIndex = 0; path = "Ganttiek iOS.app"; sourceTree = BUILT_PRODUCTS_DIR; };
		AC4F813B2E48A2E900161A23 /* Ganttiek iOSTests.xctest */ = {isa = PBXFileReference; explicitFileType = wrapper.cfbundle; includeInIndex = 0; path = "Ganttiek iOSTests.xctest"; sourceTree = BUILT_PRODUCTS_DIR; };
		AC4F81452E48A2E900161A23 /* Ganttiek iOSUITests.xctest */ = {isa = PBXFileReference; explicitFileType = wrapper.cfbundle; includeInIndex = 0; path = "Ganttiek iOSUITests.xctest"; sourceTree = BUILT_PRODUCTS_DIR; };
/* End PBXFileReference section */

/* Begin PBXFileSystemSynchronizedBuildFileExceptionSet section */
		AC4F81162E489DAD00161A23 /* Exceptions for "Ganttiek" folder in "Ganttiek" target */ = {
			isa = PBXFileSystemSynchronizedBuildFileExceptionSet;
			membershipExceptions = (
				Info.plist,
			);
			target = AC4F80F22E489DAC00161A23 /* Ganttiek */;
		};
		AC4F815D2E48AE1200161A23 /* Exceptions for "Ganttiek" folder in "Ganttiek iOS" target */ = {
			isa = PBXFileSystemSynchronizedBuildFileExceptionSet;
			membershipExceptions = (
				ContentView.swift,
				GanttChartView.swift,
				GanttDocument.swift,
				Item.swift,
				Models.swift,
				SampleData.swift,
			);
			target = AC4F812C2E48A2E800161A23 /* Ganttiek iOS */;
		};
		AC4F81672E48AFDE00161A23 /* Exceptions for "Ganttiek iOS" folder in "Ganttiek iOS" target */ = {
			isa = PBXFileSystemSynchronizedBuildFileExceptionSet;
			membershipExceptions = (
				ContentView.swift,
				Item.swift,
			);
			target = AC4F812C2E48A2E800161A23 /* Ganttiek iOS */;
		};
/* End PBXFileSystemSynchronizedBuildFileExceptionSet section */

/* Begin PBXFileSystemSynchronizedRootGroup section */
		AC4F80F52E489DAC00161A23 /* Ganttiek */ = {
			isa = PBXFileSystemSynchronizedRootGroup;
			exceptions = (
				AC4F81162E489DAD00161A23 /* Exceptions for "Ganttiek" folder in "Ganttiek" target */,
				AC4F815D2E48AE1200161A23 /* Exceptions for "Ganttiek" folder in "Ganttiek iOS" target */,
			);
			path = Ganttiek;
			sourceTree = "<group>";
		};
		AC4F81072E489DAD00161A23 /* GanttiekTests */ = {
			isa = PBXFileSystemSynchronizedRootGroup;
			path = GanttiekTests;
			sourceTree = "<group>";
		};
		AC4F81112E489DAD00161A23 /* GanttiekUITests */ = {
			isa = PBXFileSystemSynchronizedRootGroup;
			path = GanttiekUITests;
			sourceTree = "<group>";
		};
		AC4F812E2E48A2E800161A23 /* Ganttiek iOS */ = {
			isa = PBXFileSystemSynchronizedRootGroup;
			exceptions = (
				AC4F81672E48AFDE00161A23 /* Exceptions for "Ganttiek iOS" folder in "Ganttiek iOS" target */,
			);
			path = "Ganttiek iOS";
			sourceTree = "<group>";
		};
		AC4F813E2E48A2E900161A23 /* Ganttiek iOSTests */ = {
			isa = PBXFileSystemSynchronizedRootGroup;
			path = "Ganttiek iOSTests";
			sourceTree = "<group>";
		};
		AC4F81482E48A2E900161A23 /* Ganttiek iOSUITests */ = {
			isa = PBXFileSystemSynchronizedRootGroup;
			path = "Ganttiek iOSUITests";
			sourceTree = "<group>";
		};
/* End PBXFileSystemSynchronizedRootGroup section */

/* Begin PBXFrameworksBuildPhase section */
		AC4F80F02E489DAC00161A23 /* Frameworks */ = {
			isa = PBXFrameworksBuildPhase;
			buildActionMask = 2147483647;
			files = (
			);
			runOnlyForDeploymentPostprocessing = 0;
		};
		AC4F81012E489DAD00161A23 /* Frameworks */ = {
			isa = PBXFrameworksBuildPhase;
			buildActionMask = 2147483647;
			files = (
			);
			runOnlyForDeploymentPostprocessing = 0;
		};
		AC4F810B2E489DAD00161A23 /* Frameworks */ = {
			isa = PBXFrameworksBuildPhase;
			buildActionMask = 2147483647;
			files = (
			);
			runOnlyForDeploymentPostprocessing = 0;
		};
		AC4F812A2E48A2E800161A23 /* Frameworks */ = {
			isa = PBXFrameworksBuildPhase;
			buildActionMask = 2147483647;
			files = (
			);
			runOnlyForDeploymentPostprocessing = 0;
		};
		AC4F81382E48A2E900161A23 /* Frameworks */ = {
			isa = PBXFrameworksBuildPhase;
			buildActionMask = 2147483647;
			files = (
			);
			runOnlyForDeploymentPostprocessing = 0;
		};
		AC4F81422E48A2E900161A23 /* Frameworks */ = {
			isa = PBXFrameworksBuildPhase;
			buildActionMask = 2147483647;
			files = (
			);
			runOnlyForDeploymentPostprocessing = 0;
		};
/* End PBXFrameworksBuildPhase section */

/* Begin PBXGroup section */
		AC4F80EA2E489DAC00161A23 = {
			isa = PBXGroup;
			children = (
				AC4F80F52E489DAC00161A23 /* Ganttiek */,
				AC4F81072E489DAD00161A23 /* GanttiekTests */,
				AC4F81112E489DAD00161A23 /* GanttiekUITests */,
				AC4F812E2E48A2E800161A23 /* Ganttiek iOS */,
				AC4F813E2E48A2E900161A23 /* Ganttiek iOSTests */,
				AC4F81482E48A2E900161A23 /* Ganttiek iOSUITests */,
				AC4F80F42E489DAC00161A23 /* Products */,
			);
			sourceTree = "<group>";
		};
		AC4F80F42E489DAC00161A23 /* Products */ = {
			isa = PBXGroup;
			children = (
				AC4F80F32E489DAC00161A23 /* Ganttiek.app */,
				AC4F81042E489DAD00161A23 /* GanttiekTests.xctest */,
				AC4F810E2E489DAD00161A23 /* GanttiekUITests.xctest */,
				AC4F812D2E48A2E800161A23 /* Ganttiek iOS.app */,
				AC4F813B2E48A2E900161A23 /* Ganttiek iOSTests.xctest */,
				AC4F81452E48A2E900161A23 /* Ganttiek iOSUITests.xctest */,
			);
			name = Products;
			sourceTree = "<group>";
		};
/* End PBXGroup section */

/* Begin PBXNativeTarget section */
		AC4F80F22E489DAC00161A23 /* Ganttiek */ = {
			isa = PBXNativeTarget;
			buildConfigurationList = AC4F81172E489DAD00161A23 /* Build configuration list for PBXNativeTarget "Ganttiek" */;
			buildPhases = (
				AC4F80EF2E489DAC00161A23 /* Sources */,
				AC4F80F02E489DAC00161A23 /* Frameworks */,
				AC4F80F12E489DAC00161A23 /* Resources */,
			);
			buildRules = (
			);
			dependencies = (
			);
			fileSystemSynchronizedGroups = (
				AC4F80F52E489DAC00161A23 /* Ganttiek */,
			);
			name = Ganttiek;
			packageProductDependencies = (
			);
			productName = Ganttiek;
			productReference = AC4F80F32E489DAC00161A23 /* Ganttiek.app */;
			productType = "com.apple.product-type.application";
		};
		AC4F81032E489DAD00161A23 /* GanttiekTests */ = {
			isa = PBXNativeTarget;
			buildConfigurationList = AC4F811C2E489DAD00161A23 /* Build configuration list for PBXNativeTarget "GanttiekTests" */;
			buildPhases = (
				AC4F81002E489DAD00161A23 /* Sources */,
				AC4F81012E489DAD00161A23 /* Frameworks */,
				AC4F81022E489DAD00161A23 /* Resources */,
			);
			buildRules = (
			);
			dependencies = (
				AC4F81062E489DAD00161A23 /* PBXTargetDependency */,
			);
			fileSystemSynchronizedGroups = (
				AC4F81072E489DAD00161A23 /* GanttiekTests */,
			);
			name = GanttiekTests;
			packageProductDependencies = (
			);
			productName = GanttiekTests;
			productReference = AC4F81042E489DAD00161A23 /* GanttiekTests.xctest */;
			productType = "com.apple.product-type.bundle.unit-test";
		};
		AC4F810D2E489DAD00161A23 /* GanttiekUITests */ = {
			isa = PBXNativeTarget;
			buildConfigurationList = AC4F811F2E489DAD00161A23 /* Build configuration list for PBXNativeTarget "GanttiekUITests" */;
			buildPhases = (
				AC4F810A2E489DAD00161A23 /* Sources */,
				AC4F810B2E489DAD00161A23 /* Frameworks */,
				AC4F810C2E489DAD00161A23 /* Resources */,
			);
			buildRules = (
			);
			dependencies = (
				AC4F81102E489DAD00161A23 /* PBXTargetDependency */,
			);
			fileSystemSynchronizedGroups = (
				AC4F81112E489DAD00161A23 /* GanttiekUITests */,
			);
			name = GanttiekUITests;
			packageProductDependencies = (
			);
			productName = GanttiekUITests;
			productReference = AC4F810E2E489DAD00161A23 /* GanttiekUITests.xctest */;
			productType = "com.apple.product-type.bundle.ui-testing";
		};
		AC4F812C2E48A2E800161A23 /* Ganttiek iOS */ = {
			isa = PBXNativeTarget;
			buildConfigurationList = AC4F814D2E48A2E900161A23 /* Build configuration list for PBXNativeTarget "Ganttiek iOS" */;
			buildPhases = (
				AC4F81292E48A2E800161A23 /* Sources */,
				AC4F812A2E48A2E800161A23 /* Frameworks */,
				AC4F812B2E48A2E800161A23 /* Resources */,
			);
			buildRules = (
			);
			dependencies = (
			);
			fileSystemSynchronizedGroups = (
				AC4F812E2E48A2E800161A23 /* Ganttiek iOS */,
			);
			name = "Ganttiek iOS";
			packageProductDependencies = (
			);
			productName = "Ganttiek iOS";
			productReference = AC4F812D2E48A2E800161A23 /* Ganttiek iOS.app */;
			productType = "com.apple.product-type.application";
		};
		AC4F813A2E48A2E900161A23 /* Ganttiek iOSTests */ = {
			isa = PBXNativeTarget;
			buildConfigurationList = AC4F81502E48A2E900161A23 /* Build configuration list for PBXNativeTarget "Ganttiek iOSTests" */;
			buildPhases = (
				AC4F81372E48A2E900161A23 /* Sources */,
				AC4F81382E48A2E900161A23 /* Frameworks */,
				AC4F81392E48A2E900161A23 /* Resources */,
			);
			buildRules = (
			);
			dependencies = (
				AC4F813D2E48A2E900161A23 /* PBXTargetDependency */,
			);
			fileSystemSynchronizedGroups = (
				AC4F813E2E48A2E900161A23 /* Ganttiek iOSTests */,
			);
			name = "Ganttiek iOSTests";
			packageProductDependencies = (
			);
			productName = "Ganttiek iOSTests";
			productReference = AC4F813B2E48A2E900161A23 /* Ganttiek iOSTests.xctest */;
			productType = "com.apple.product-type.bundle.unit-test";
		};
		AC4F81442E48A2E900161A23 /* Ganttiek iOSUITests */ = {
			isa = PBXNativeTarget;
			buildConfigurationList = AC4F81532E48A2E900161A23 /* Build configuration list for PBXNativeTarget "Ganttiek iOSUITests" */;
			buildPhases = (
				AC4F81412E48A2E900161A23 /* Sources */,
				AC4F81422E48A2E900161A23 /* Frameworks */,
				AC4F81432E48A2E900161A23 /* Resources */,
			);
			buildRules = (
			);
			dependencies = (
				AC4F81472E48A2E900161A23 /* PBXTargetDependency */,
			);
			fileSystemSynchronizedGroups = (
				AC4F81482E48A2E900161A23 /* Ganttiek iOSUITests */,
			);
			name = "Ganttiek iOSUITests";
			packageProductDependencies = (
			);
			productName = "Ganttiek iOSUITests";
			productReference = AC4F81452E48A2E900161A23 /* Ganttiek iOSUITests.xctest */;
			productType = "com.apple.product-type.bundle.ui-testing";
		};
/* End PBXNativeTarget section */

/* Begin PBXProject section */
		AC4F80EB2E489DAC00161A23 /* Project object */ = {
			isa = PBXProject;
			attributes = {
				BuildIndependentTargetsInParallel = 1;
				LastSwiftUpdateCheck = 1640;
				LastUpgradeCheck = 1640;
				TargetAttributes = {
					AC4F80F22E489DAC00161A23 = {
						CreatedOnToolsVersion = 16.4;
					};
					AC4F81032E489DAD00161A23 = {
						CreatedOnToolsVersion = 16.4;
						TestTargetID = AC4F80F22E489DAC00161A23;
					};
					AC4F810D2E489DAD00161A23 = {
						CreatedOnToolsVersion = 16.4;
						TestTargetID = AC4F80F22E489DAC00161A23;
					};
					AC4F812C2E48A2E800161A23 = {
						CreatedOnToolsVersion = 16.4;
					};
					AC4F813A2E48A2E900161A23 = {
						CreatedOnToolsVersion = 16.4;
						TestTargetID = AC4F812C2E48A2E800161A23;
					};
					AC4F81442E48A2E900161A23 = {
						CreatedOnToolsVersion = 16.4;
						TestTargetID = AC4F812C2E48A2E800161A23;
					};
				};
			};
			buildConfigurationList = AC4F80EE2E489DAC00161A23 /* Build configuration list for PBXProject "Ganttiek" */;
			developmentRegion = en;
			hasScannedForEncodings = 0;
			knownRegions = (
				en,
				Base,
			);
			mainGroup = AC4F80EA2E489DAC00161A23;
			minimizedProjectReferenceProxies = 1;
			preferredProjectObjectVersion = 77;
			productRefGroup = AC4F80F42E489DAC00161A23 /* Products */;
			projectDirPath = "";
			projectRoot = "";
			targets = (
				AC4F80F22E489DAC00161A23 /* Ganttiek */,
				AC4F81032E489DAD00161A23 /* GanttiekTests */,
				AC4F810D2E489DAD00161A23 /* GanttiekUITests */,
				AC4F812C2E48A2E800161A23 /* Ganttiek iOS */,
				AC4F813A2E48A2E900161A23 /* Ganttiek iOSTests */,
				AC4F81442E48A2E900161A23 /* Ganttiek iOSUITests */,
			);
		};
/* End PBXProject section */

/* Begin PBXResourcesBuildPhase section */
		AC4F80F12E489DAC00161A23 /* Resources */ = {
			isa = PBXResourcesBuildPhase;
			buildActionMask = 2147483647;
			files = (
			);
			runOnlyForDeploymentPostprocessing = 0;
		};
		AC4F81022E489DAD00161A23 /* Resources */ = {
			isa = PBXResourcesBuildPhase;
			buildActionMask = 2147483647;
			files = (
			);
			runOnlyForDeploymentPostprocessing = 0;
		};
		AC4F810C2E489DAD00161A23 /* Resources */ = {
			isa = PBXResourcesBuildPhase;
			buildActionMask = 2147483647;
			files = (
			);
			runOnlyForDeploymentPostprocessing = 0;
		};
		AC4F812B2E48A2E800161A23 /* Resources */ = {
			isa = PBXResourcesBuildPhase;
			buildActionMask = 2147483647;
			files = (
			);
			runOnlyForDeploymentPostprocessing = 0;
		};
		AC4F81392E48A2E900161A23 /* Resources */ = {
			isa = PBXResourcesBuildPhase;
			buildActionMask = 2147483647;
			files = (
			);
			runOnlyForDeploymentPostprocessing = 0;
		};
		AC4F81432E48A2E900161A23 /* Resources */ = {
			isa = PBXResourcesBuildPhase;
			buildActionMask = 2147483647;
			files = (
			);
			runOnlyForDeploymentPostprocessing = 0;
		};
/* End PBXResourcesBuildPhase section */

/* Begin PBXSourcesBuildPhase section */
		AC4F80EF2E489DAC00161A23 /* Sources */ = {
			isa = PBXSourcesBuildPhase;
			buildActionMask = 2147483647;
			files = (
			);
			runOnlyForDeploymentPostprocessing = 0;
		};
		AC4F81002E489DAD00161A23 /* Sources */ = {
			isa = PBXSourcesBuildPhase;
			buildActionMask = 2147483647;
			files = (
			);
			runOnlyForDeploymentPostprocessing = 0;
		};
		AC4F810A2E489DAD00161A23 /* Sources */ = {
			isa = PBXSourcesBuildPhase;
			buildActionMask = 2147483647;
			files = (
			);
			runOnlyForDeploymentPostprocessing = 0;
		};
		AC4F81292E48A2E800161A23 /* Sources */ = {
			isa = PBXSourcesBuildPhase;
			buildActionMask = 2147483647;
			files = (
			);
			runOnlyForDeploymentPostprocessing = 0;
		};
		AC4F81372E48A2E900161A23 /* Sources */ = {
			isa = PBXSourcesBuildPhase;
			buildActionMask = 2147483647;
			files = (
			);
			runOnlyForDeploymentPostprocessing = 0;
		};
		AC4F81412E48A2E900161A23 /* Sources */ = {
			isa = PBXSourcesBuildPhase;
			buildActionMask = 2147483647;
			files = (
			);
			runOnlyForDeploymentPostprocessing = 0;
		};
/* End PBXSourcesBuildPhase section */

/* Begin PBXTargetDependency section */
		AC4F81062E489DAD00161A23 /* PBXTargetDependency */ = {
			isa = PBXTargetDependency;
			target = AC4F80F22E489DAC00161A23 /* Ganttiek */;
			targetProxy = AC4F81052E489DAD00161A23 /* PBXContainerItemProxy */;
		};
		AC4F81102E489DAD00161A23 /* PBXTargetDependency */ = {
			isa = PBXTargetDependency;
			target = AC4F80F22E489DAC00161A23 /* Ganttiek */;
			targetProxy = AC4F810F2E489DAD00161A23 /* PBXContainerItemProxy */;
		};
		AC4F813D2E48A2E900161A23 /* PBXTargetDependency */ = {
			isa = PBXTargetDependency;
			target = AC4F812C2E48A2E800161A23 /* Ganttiek iOS */;
			targetProxy = AC4F813C2E48A2E900161A23 /* PBXContainerItemProxy */;
		};
		AC4F81472E48A2E900161A23 /* PBXTargetDependency */ = {
			isa = PBXTargetDependency;
			target = AC4F812C2E48A2E800161A23 /* Ganttiek iOS */;
			targetProxy = AC4F81462E48A2E900161A23 /* PBXContainerItemProxy */;
		};
/* End PBXTargetDependency section */

/* Begin XCBuildConfiguration section */
		AC4F81182E489DAD00161A23 /* Debug */ = {
			isa = XCBuildConfiguration;
			buildSettings = {
				ASSETCATALOG_COMPILER_APPICON_NAME = AppIcon;
				ASSETCATALOG_COMPILER_GLOBAL_ACCENT_COLOR_NAME = AccentColor;
				ASSETCATALOG_COMPILER_INCLUDE_ALL_APPICON_ASSETS = YES;
				CODE_SIGN_ENTITLEMENTS = Ganttiek/Ganttiek.entitlements;
				CODE_SIGN_IDENTITY = "Apple Development";
				CODE_SIGN_STYLE = Automatic;
				CURRENT_PROJECT_VERSION = 1;
				DEVELOPMENT_TEAM = 2K878V999A;
				ENABLE_PREVIEWS = YES;
				GENERATE_INFOPLIST_FILE = YES;
				INFOPLIST_FILE = Ganttiek/Info.plist;
				"INFOPLIST_KEY_UIApplicationSceneManifest_Generation[sdk=iphoneos*]" = YES;
				"INFOPLIST_KEY_UIApplicationSceneManifest_Generation[sdk=iphonesimulator*]" = YES;
				"INFOPLIST_KEY_UIApplicationSupportsIndirectInputEvents[sdk=iphoneos*]" = YES;
				"INFOPLIST_KEY_UIApplicationSupportsIndirectInputEvents[sdk=iphonesimulator*]" = YES;
				"INFOPLIST_KEY_UILaunchScreen_Generation[sdk=iphoneos*]" = YES;
				"INFOPLIST_KEY_UILaunchScreen_Generation[sdk=iphonesimulator*]" = YES;
				"INFOPLIST_KEY_UIStatusBarStyle[sdk=iphoneos*]" = UIStatusBarStyleDefault;
				"INFOPLIST_KEY_UIStatusBarStyle[sdk=iphonesimulator*]" = UIStatusBarStyleDefault;
				INFOPLIST_KEY_UISupportedInterfaceOrientations_iPad = "UIInterfaceOrientationPortrait UIInterfaceOrientationPortraitUpsideDown UIInterfaceOrientationLandscapeLeft UIInterfaceOrientationLandscapeRight";
				INFOPLIST_KEY_UISupportedInterfaceOrientations_iPhone = "UIInterfaceOrientationPortrait UIInterfaceOrientationLandscapeLeft UIInterfaceOrientationLandscapeRight";
				IPHONEOS_DEPLOYMENT_TARGET = 18.5;
				LD_RUNPATH_SEARCH_PATHS = "@executable_path/Frameworks";
				"LD_RUNPATH_SEARCH_PATHS[sdk=macosx*]" = "@executable_path/../Frameworks";
				MACOSX_DEPLOYMENT_TARGET = 14.0;
				MARKETING_VERSION = 1.0;
				PRODUCT_BUNDLE_IDENTIFIER = "Vejlupek-s.r.o..Ganttiek";
				PRODUCT_NAME = "$(TARGET_NAME)";
				PROVISIONING_PROFILE_SPECIFIER = "";
				REGISTER_APP_GROUPS = YES;
				SDKROOT = auto;
				SUPPORTED_PLATFORMS = "iphoneos iphonesimulator macosx xros xrsimulator";
				SWIFT_EMIT_LOC_STRINGS = YES;
				SWIFT_VERSION = 5.0;
				TARGETED_DEVICE_FAMILY = "1,2,7";
				XROS_DEPLOYMENT_TARGET = 2.5;
			};
			name = Debug;
		};
		AC4F81192E489DAD00161A23 /* Release */ = {
			isa = XCBuildConfiguration;
			buildSettings = {
				ASSETCATALOG_COMPILER_APPICON_NAME = AppIcon;
				ASSETCATALOG_COMPILER_GLOBAL_ACCENT_COLOR_NAME = AccentColor;
				ASSETCATALOG_COMPILER_INCLUDE_ALL_APPICON_ASSETS = YES;
				CODE_SIGN_ENTITLEMENTS = Ganttiek/Ganttiek.entitlements;
				CODE_SIGN_IDENTITY = "Apple Development";
				CODE_SIGN_STYLE = Automatic;
				CURRENT_PROJECT_VERSION = 1;
				DEVELOPMENT_TEAM = 2K878V999A;
				ENABLE_PREVIEWS = YES;
				GENERATE_INFOPLIST_FILE = YES;
				INFOPLIST_FILE = Ganttiek/Info.plist;
				"INFOPLIST_KEY_UIApplicationSceneManifest_Generation[sdk=iphoneos*]" = YES;
				"INFOPLIST_KEY_UIApplicationSceneManifest_Generation[sdk=iphonesimulator*]" = YES;
				"INFOPLIST_KEY_UIApplicationSupportsIndirectInputEvents[sdk=iphoneos*]" = YES;
				"INFOPLIST_KEY_UIApplicationSupportsIndirectInputEvents[sdk=iphonesimulator*]" = YES;
				"INFOPLIST_KEY_UILaunchScreen_Generation[sdk=iphoneos*]" = YES;
				"INFOPLIST_KEY_UILaunchScreen_Generation[sdk=iphonesimulator*]" = YES;
				"INFOPLIST_KEY_UIStatusBarStyle[sdk=iphoneos*]" = UIStatusBarStyleDefault;
				"INFOPLIST_KEY_UIStatusBarStyle[sdk=iphonesimulator*]" = UIStatusBarStyleDefault;
				INFOPLIST_KEY_UISupportedInterfaceOrientations_iPad = "UIInterfaceOrientationPortrait UIInterfaceOrientationPortraitUpsideDown UIInterfaceOrientationLandscapeLeft UIInterfaceOrientationLandscapeRight";
				INFOPLIST_KEY_UISupportedInterfaceOrientations_iPhone = "UIInterfaceOrientationPortrait UIInterfaceOrientationLandscapeLeft UIInterfaceOrientationLandscapeRight";
				IPHONEOS_DEPLOYMENT_TARGET = 18.5;
				LD_RUNPATH_SEARCH_PATHS = "@executable_path/Frameworks";
				"LD_RUNPATH_SEARCH_PATHS[sdk=macosx*]" = "@executable_path/../Frameworks";
				MACOSX_DEPLOYMENT_TARGET = 14.0;
				MARKETING_VERSION = 1.0;
				PRODUCT_BUNDLE_IDENTIFIER = "Vejlupek-s.r.o..Ganttiek";
				PRODUCT_NAME = "$(TARGET_NAME)";
				PROVISIONING_PROFILE_SPECIFIER = "";
				REGISTER_APP_GROUPS = YES;
				SDKROOT = auto;
				SUPPORTED_PLATFORMS = "iphoneos iphonesimulator macosx xros xrsimulator";
				SWIFT_EMIT_LOC_STRINGS = YES;
				SWIFT_VERSION = 5.0;
				TARGETED_DEVICE_FAMILY = "1,2,7";
				XROS_DEPLOYMENT_TARGET = 2.5;
			};
			name = Release;
		};
		AC4F811A2E489DAD00161A23 /* Debug */ = {
			isa = XCBuildConfiguration;
			buildSettings = {
				ALWAYS_SEARCH_USER_PATHS = NO;
				ASSETCATALOG_COMPILER_GENERATE_SWIFT_ASSET_SYMBOL_EXTENSIONS = YES;
				CLANG_ANALYZER_NONNULL = YES;
				CLANG_ANALYZER_NUMBER_OBJECT_CONVERSION = YES_AGGRESSIVE;
				CLANG_CXX_LANGUAGE_STANDARD = "gnu++20";
				CLANG_ENABLE_MODULES = YES;
				CLANG_ENABLE_OBJC_ARC = YES;
				CLANG_ENABLE_OBJC_WEAK = YES;
				CLANG_WARN_BLOCK_CAPTURE_AUTORELEASING = YES;
				CLANG_WARN_BOOL_CONVERSION = YES;
				CLANG_WARN_COMMA = YES;
				CLANG_WARN_CONSTANT_CONVERSION = YES;
				CLANG_WARN_DEPRECATED_OBJC_IMPLEMENTATIONS = YES;
				CLANG_WARN_DIRECT_OBJC_ISA_USAGE = YES_ERROR;
				CLANG_WARN_DOCUMENTATION_COMMENTS = YES;
				CLANG_WARN_EMPTY_BODY = YES;
				CLANG_WARN_ENUM_CONVERSION = YES;
				CLANG_WARN_INFINITE_RECURSION = YES;
				CLANG_WARN_INT_CONVERSION = YES;
				CLANG_WARN_NON_LITERAL_NULL_CONVERSION = YES;
				CLANG_WARN_OBJC_IMPLICIT_RETAIN_SELF = YES;
				CLANG_WARN_OBJC_LITERAL_CONVERSION = YES;
				CLANG_WARN_OBJC_ROOT_CLASS = YES_ERROR;
				CLANG_WARN_QUOTED_INCLUDE_IN_FRAMEWORK_HEADER = YES;
				CLANG_WARN_RANGE_LOOP_ANALYSIS = YES;
				CLANG_WARN_STRICT_PROTOTYPES = YES;
				CLANG_WARN_SUSPICIOUS_MOVE = YES;
				CLANG_WARN_UNGUARDED_AVAILABILITY = YES_AGGRESSIVE;
				CLANG_WARN_UNREACHABLE_CODE = YES;
				CLANG_WARN__DUPLICATE_METHOD_MATCH = YES;
				COPY_PHASE_STRIP = NO;
				DEBUG_INFORMATION_FORMAT = dwarf;
				ENABLE_STRICT_OBJC_MSGSEND = YES;
				ENABLE_TESTABILITY = YES;
				ENABLE_USER_SCRIPT_SANDBOXING = YES;
				GCC_C_LANGUAGE_STANDARD = gnu17;
				GCC_DYNAMIC_NO_PIC = NO;
				GCC_NO_COMMON_BLOCKS = YES;
				GCC_OPTIMIZATION_LEVEL = 0;
				GCC_PREPROCESSOR_DEFINITIONS = (
					"DEBUG=1",
					"$(inherited)",
				);
				GCC_WARN_64_TO_32_BIT_CONVERSION = YES;
				GCC_WARN_ABOUT_RETURN_TYPE = YES_ERROR;
				GCC_WARN_UNDECLARED_SELECTOR = YES;
				GCC_WARN_UNINITIALIZED_AUTOS = YES_AGGRESSIVE;
				GCC_WARN_UNUSED_FUNCTION = YES;
				GCC_WARN_UNUSED_VARIABLE = YES;
				LOCALIZATION_PREFERS_STRING_CATALOGS = YES;
				MTL_ENABLE_DEBUG_INFO = INCLUDE_SOURCE;
				MTL_FAST_MATH = YES;
				ONLY_ACTIVE_ARCH = YES;
				SWIFT_ACTIVE_COMPILATION_CONDITIONS = "DEBUG $(inherited)";
				SWIFT_OPTIMIZATION_LEVEL = "-Onone";
			};
			name = Debug;
		};
		AC4F811B2E489DAD00161A23 /* Release */ = {
			isa = XCBuildConfiguration;
			buildSettings = {
				ALWAYS_SEARCH_USER_PATHS = NO;
				ASSETCATALOG_COMPILER_GENERATE_SWIFT_ASSET_SYMBOL_EXTENSIONS = YES;
				CLANG_ANALYZER_NONNULL = YES;
				CLANG_ANALYZER_NUMBER_OBJECT_CONVERSION = YES_AGGRESSIVE;
				CLANG_CXX_LANGUAGE_STANDARD = "gnu++20";
				CLANG_ENABLE_MODULES = YES;
				CLANG_ENABLE_OBJC_ARC = YES;
				CLANG_ENABLE_OBJC_WEAK = YES;
				CLANG_WARN_BLOCK_CAPTURE_AUTORELEASING = YES;
				CLANG_WARN_BOOL_CONVERSION = YES;
				CLANG_WARN_COMMA = YES;
				CLANG_WARN_CONSTANT_CONVERSION = YES;
				CLANG_WARN_DEPRECATED_OBJC_IMPLEMENTATIONS = YES;
				CLANG_WARN_DIRECT_OBJC_ISA_USAGE = YES_ERROR;
				CLANG_WARN_DOCUMENTATION_COMMENTS = YES;
				CLANG_WARN_EMPTY_BODY = YES;
				CLANG_WARN_ENUM_CONVERSION = YES;
				CLANG_WARN_INFINITE_RECURSION = YES;
				CLANG_WARN_INT_CONVERSION = YES;
				CLANG_WARN_NON_LITERAL_NULL_CONVERSION = YES;
				CLANG_WARN_OBJC_IMPLICIT_RETAIN_SELF = YES;
				CLANG_WARN_OBJC_LITERAL_CONVERSION = YES;
				CLANG_WARN_OBJC_ROOT_CLASS = YES_ERROR;
				CLANG_WARN_QUOTED_INCLUDE_IN_FRAMEWORK_HEADER = YES;
				CLANG_WARN_RANGE_LOOP_ANALYSIS = YES;
				CLANG_WARN_STRICT_PROTOTYPES = YES;
				CLANG_WARN_SUSPICIOUS_MOVE = YES;
				CLANG_WARN_UNGUARDED_AVAILABILITY = YES_AGGRESSIVE;
				CLANG_WARN_UNREACHABLE_CODE = YES;
				CLANG_WARN__DUPLICATE_METHOD_MATCH = YES;
				COPY_PHASE_STRIP = NO;
				DEBUG_INFORMATION_FORMAT = "dwarf-with-dsym";
				ENABLE_NS_ASSERTIONS = NO;
				ENABLE_STRICT_OBJC_MSGSEND = YES;
				ENABLE_USER_SCRIPT_SANDBOXING = YES;
				GCC_C_LANGUAGE_STANDARD = gnu17;
				GCC_NO_COMMON_BLOCKS = YES;
				GCC_WARN_64_TO_32_BIT_CONVERSION = YES;
				GCC_WARN_ABOUT_RETURN_TYPE = YES_ERROR;
				GCC_WARN_UNDECLARED_SELECTOR = YES;
				GCC_WARN_UNINITIALIZED_AUTOS = YES_AGGRESSIVE;
				GCC_WARN_UNUSED_FUNCTION = YES;
				GCC_WARN_UNUSED_VARIABLE = YES;
				LOCALIZATION_PREFERS_STRING_CATALOGS = YES;
				MTL_ENABLE_DEBUG_INFO = NO;
				MTL_FAST_MATH = YES;
				SWIFT_COMPILATION_MODE = wholemodule;
			};
			name = Release;
		};
		AC4F811D2E489DAD00161A23 /* Debug */ = {
			isa = XCBuildConfiguration;
			buildSettings = {
				BUNDLE_LOADER = "$(TEST_HOST)";
				CODE_SIGN_STYLE = Automatic;
				CURRENT_PROJECT_VERSION = 1;
				GENERATE_INFOPLIST_FILE = YES;
				IPHONEOS_DEPLOYMENT_TARGET = 18.5;
				MACOSX_DEPLOYMENT_TARGET = 15.5;
				MARKETING_VERSION = 1.0;
				PRODUCT_BUNDLE_IDENTIFIER = "Vejlupek-s.r.o..GanttiekTests";
				PRODUCT_NAME = "$(TARGET_NAME)";
				SDKROOT = auto;
				SUPPORTED_PLATFORMS = "iphoneos iphonesimulator macosx xros xrsimulator";
				SWIFT_EMIT_LOC_STRINGS = NO;
				SWIFT_VERSION = 5.0;
				TARGETED_DEVICE_FAMILY = "1,2,7";
				TEST_HOST = "$(BUILT_PRODUCTS_DIR)/Ganttiek.app/$(BUNDLE_EXECUTABLE_FOLDER_PATH)/Ganttiek";
				XROS_DEPLOYMENT_TARGET = 2.5;
			};
			name = Debug;
		};
		AC4F811E2E489DAD00161A23 /* Release */ = {
			isa = XCBuildConfiguration;
			buildSettings = {
				BUNDLE_LOADER = "$(TEST_HOST)";
				CODE_SIGN_STYLE = Automatic;
				CURRENT_PROJECT_VERSION = 1;
				GENERATE_INFOPLIST_FILE = YES;
				IPHONEOS_DEPLOYMENT_TARGET = 18.5;
				MACOSX_DEPLOYMENT_TARGET = 15.5;
				MARKETING_VERSION = 1.0;
				PRODUCT_BUNDLE_IDENTIFIER = "Vejlupek-s.r.o..GanttiekTests";
				PRODUCT_NAME = "$(TARGET_NAME)";
				SDKROOT = auto;
				SUPPORTED_PLATFORMS = "iphoneos iphonesimulator macosx xros xrsimulator";
				SWIFT_EMIT_LOC_STRINGS = NO;
				SWIFT_VERSION = 5.0;
				TARGETED_DEVICE_FAMILY = "1,2,7";
				TEST_HOST = "$(BUILT_PRODUCTS_DIR)/Ganttiek.app/$(BUNDLE_EXECUTABLE_FOLDER_PATH)/Ganttiek";
				XROS_DEPLOYMENT_TARGET = 2.5;
			};
			name = Release;
		};
		AC4F81202E489DAD00161A23 /* Debug */ = {
			isa = XCBuildConfiguration;
			buildSettings = {
				CODE_SIGN_STYLE = Automatic;
				CURRENT_PROJECT_VERSION = 1;
				GENERATE_INFOPLIST_FILE = YES;
				IPHONEOS_DEPLOYMENT_TARGET = 18.5;
				MACOSX_DEPLOYMENT_TARGET = 15.5;
				MARKETING_VERSION = 1.0;
				PRODUCT_BUNDLE_IDENTIFIER = "Vejlupek-s.r.o..GanttiekUITests";
				PRODUCT_NAME = "$(TARGET_NAME)";
				SDKROOT = auto;
				SUPPORTED_PLATFORMS = "iphoneos iphonesimulator macosx xros xrsimulator";
				SWIFT_EMIT_LOC_STRINGS = NO;
				SWIFT_VERSION = 5.0;
				TARGETED_DEVICE_FAMILY = "1,2,7";
				TEST_TARGET_NAME = Ganttiek;
				XROS_DEPLOYMENT_TARGET = 2.5;
			};
			name = Debug;
		};
		AC4F81212E489DAD00161A23 /* Release */ = {
			isa = XCBuildConfiguration;
			buildSettings = {
				CODE_SIGN_STYLE = Automatic;
				CURRENT_PROJECT_VERSION = 1;
				GENERATE_INFOPLIST_FILE = YES;
				IPHONEOS_DEPLOYMENT_TARGET = 18.5;
				MACOSX_DEPLOYMENT_TARGET = 15.5;
				MARKETING_VERSION = 1.0;
				PRODUCT_BUNDLE_IDENTIFIER = "Vejlupek-s.r.o..GanttiekUITests";
				PRODUCT_NAME = "$(TARGET_NAME)";
				SDKROOT = auto;
				SUPPORTED_PLATFORMS = "iphoneos iphonesimulator macosx xros xrsimulator";
				SWIFT_EMIT_LOC_STRINGS = NO;
				SWIFT_VERSION = 5.0;
				TARGETED_DEVICE_FAMILY = "1,2,7";
				TEST_TARGET_NAME = Ganttiek;
				XROS_DEPLOYMENT_TARGET = 2.5;
			};
			name = Release;
		};
		AC4F814E2E48A2E900161A23 /* Debug */ = {
			isa = XCBuildConfiguration;
			buildSettings = {
				ASSETCATALOG_COMPILER_APPICON_NAME = AppIcon;
				ASSETCATALOG_COMPILER_GLOBAL_ACCENT_COLOR_NAME = AccentColor;
				ASSETCATALOG_COMPILER_INCLUDE_ALL_APPICON_ASSETS = YES;
				CODE_SIGN_STYLE = Automatic;
				CURRENT_PROJECT_VERSION = 1;
				DEVELOPMENT_TEAM = 2K878V999A;
				ENABLE_PREVIEWS = YES;
				GENERATE_INFOPLIST_FILE = YES;
				INFOPLIST_KEY_UIApplicationSceneManifest_Generation = YES;
				INFOPLIST_KEY_UIApplicationSupportsIndirectInputEvents = YES;
				INFOPLIST_KEY_UILaunchScreen_Generation = YES;
				INFOPLIST_KEY_UISupportedInterfaceOrientations_iPad = "UIInterfaceOrientationPortrait UIInterfaceOrientationPortraitUpsideDown UIInterfaceOrientationLandscapeLeft UIInterfaceOrientationLandscapeRight";
				INFOPLIST_KEY_UISupportedInterfaceOrientations_iPhone = "UIInterfaceOrientationPortrait UIInterfaceOrientationLandscapeLeft UIInterfaceOrientationLandscapeRight";
				IPHONEOS_DEPLOYMENT_TARGET = 18.5;
				LD_RUNPATH_SEARCH_PATHS = (
					"$(inherited)",
					"@executable_path/Frameworks",
				);
				MARKETING_VERSION = 1.0;
				PRODUCT_BUNDLE_IDENTIFIER = "Vejlupek-s.r.o..Ganttiek-iOS";
				PRODUCT_NAME = "$(TARGET_NAME)";
				SDKROOT = iphoneos;
				SWIFT_EMIT_LOC_STRINGS = YES;
				SWIFT_VERSION = 5.0;
				TARGETED_DEVICE_FAMILY = "1,2";
			};
			name = Debug;
		};
		AC4F814F2E48A2E900161A23 /* Release */ = {
			isa = XCBuildConfiguration;
			buildSettings = {
				ASSETCATALOG_COMPILER_APPICON_NAME = AppIcon;
				ASSETCATALOG_COMPILER_GLOBAL_ACCENT_COLOR_NAME = AccentColor;
				ASSETCATALOG_COMPILER_INCLUDE_ALL_APPICON_ASSETS = YES;
				CODE_SIGN_STYLE = Automatic;
				CURRENT_PROJECT_VERSION = 1;
				DEVELOPMENT_TEAM = 2K878V999A;
				ENABLE_PREVIEWS = YES;
				GENERATE_INFOPLIST_FILE = YES;
				INFOPLIST_KEY_UIApplicationSceneManifest_Generation = YES;
				INFOPLIST_KEY_UIApplicationSupportsIndirectInputEvents = YES;
				INFOPLIST_KEY_UILaunchScreen_Generation = YES;
				INFOPLIST_KEY_UISupportedInterfaceOrientations_iPad = "UIInterfaceOrientationPortrait UIInterfaceOrientationPortraitUpsideDown UIInterfaceOrientationLandscapeLeft UIInterfaceOrientationLandscapeRight";
				INFOPLIST_KEY_UISupportedInterfaceOrientations_iPhone = "UIInterfaceOrientationPortrait UIInterfaceOrientationLandscapeLeft UIInterfaceOrientationLandscapeRight";
				IPHONEOS_DEPLOYMENT_TARGET = 18.5;
				LD_RUNPATH_SEARCH_PATHS = (
					"$(inherited)",
					"@executable_path/Frameworks",
				);
				MARKETING_VERSION = 1.0;
				PRODUCT_BUNDLE_IDENTIFIER = "Vejlupek-s.r.o..Ganttiek-iOS";
				PRODUCT_NAME = "$(TARGET_NAME)";
				SDKROOT = iphoneos;
				SWIFT_EMIT_LOC_STRINGS = YES;
				SWIFT_VERSION = 5.0;
				TARGETED_DEVICE_FAMILY = "1,2";
				VALIDATE_PRODUCT = YES;
			};
			name = Release;
		};
		AC4F81512E48A2E900161A23 /* Debug */ = {
			isa = XCBuildConfiguration;
			buildSettings = {
				BUNDLE_LOADER = "$(TEST_HOST)";
				CODE_SIGN_STYLE = Automatic;
				CURRENT_PROJECT_VERSION = 1;
				DEVELOPMENT_TEAM = 2K878V999A;
				GENERATE_INFOPLIST_FILE = YES;
				IPHONEOS_DEPLOYMENT_TARGET = 18.5;
				MARKETING_VERSION = 1.0;
				PRODUCT_BUNDLE_IDENTIFIER = "Vejlupek-s.r.o..Ganttiek-iOSTests";
				PRODUCT_NAME = "$(TARGET_NAME)";
				SDKROOT = iphoneos;
				SWIFT_EMIT_LOC_STRINGS = NO;
				SWIFT_VERSION = 5.0;
				TARGETED_DEVICE_FAMILY = "1,2";
				TEST_HOST = "$(BUILT_PRODUCTS_DIR)/Ganttiek iOS.app/$(BUNDLE_EXECUTABLE_FOLDER_PATH)/Ganttiek iOS";
			};
			name = Debug;
		};
		AC4F81522E48A2E900161A23 /* Release */ = {
			isa = XCBuildConfiguration;
			buildSettings = {
				BUNDLE_LOADER = "$(TEST_HOST)";
				CODE_SIGN_STYLE = Automatic;
				CURRENT_PROJECT_VERSION = 1;
				DEVELOPMENT_TEAM = 2K878V999A;
				GENERATE_INFOPLIST_FILE = YES;
				IPHONEOS_DEPLOYMENT_TARGET = 18.5;
				MARKETING_VERSION = 1.0;
				PRODUCT_BUNDLE_IDENTIFIER = "Vejlupek-s.r.o..Ganttiek-iOSTests";
				PRODUCT_NAME = "$(TARGET_NAME)";
				SDKROOT = iphoneos;
				SWIFT_EMIT_LOC_STRINGS = NO;
				SWIFT_VERSION = 5.0;
				TARGETED_DEVICE_FAMILY = "1,2";
				TEST_HOST = "$(BUILT_PRODUCTS_DIR)/Ganttiek iOS.app/$(BUNDLE_EXECUTABLE_FOLDER_PATH)/Ganttiek iOS";
				VALIDATE_PRODUCT = YES;
			};
			name = Release;
		};
		AC4F81542E48A2E900161A23 /* Debug */ = {
			isa = XCBuildConfiguration;
			buildSettings = {
				CODE_SIGN_STYLE = Automatic;
				CURRENT_PROJECT_VERSION = 1;
				DEVELOPMENT_TEAM = 2K878V999A;
				GENERATE_INFOPLIST_FILE = YES;
				IPHONEOS_DEPLOYMENT_TARGET = 18.5;
				MARKETING_VERSION = 1.0;
				PRODUCT_BUNDLE_IDENTIFIER = "Vejlupek-s.r.o..Ganttiek-iOSUITests";
				PRODUCT_NAME = "$(TARGET_NAME)";
				SDKROOT = iphoneos;
				SWIFT_EMIT_LOC_STRINGS = NO;
				SWIFT_VERSION = 5.0;
				TARGETED_DEVICE_FAMILY = "1,2";
				TEST_TARGET_NAME = "Ganttiek iOS";
			};
			name = Debug;
		};
		AC4F81552E48A2E900161A23 /* Release */ = {
			isa = XCBuildConfiguration;
			buildSettings = {
				CODE_SIGN_STYLE = Automatic;
				CURRENT_PROJECT_VERSION = 1;
				DEVELOPMENT_TEAM = 2K878V999A;
				GENERATE_INFOPLIST_FILE = YES;
				IPHONEOS_DEPLOYMENT_TARGET = 18.5;
				MARKETING_VERSION = 1.0;
				PRODUCT_BUNDLE_IDENTIFIER = "Vejlupek-s.r.o..Ganttiek-iOSUITests";
				PRODUCT_NAME = "$(TARGET_NAME)";
				SDKROOT = iphoneos;
				SWIFT_EMIT_LOC_STRINGS = NO;
				SWIFT_VERSION = 5.0;
				TARGETED_DEVICE_FAMILY = "1,2";
				TEST_TARGET_NAME = "Ganttiek iOS";
				VALIDATE_PRODUCT = YES;
			};
			name = Release;
		};
/* End XCBuildConfiguration section */

/* Begin XCConfigurationList section */
		AC4F80EE2E489DAC00161A23 /* Build configuration list for PBXProject "Ganttiek" */ = {
			isa = XCConfigurationList;
			buildConfigurations = (
				AC4F811A2E489DAD00161A23 /* Debug */,
				AC4F811B2E489DAD00161A23 /* Release */,
			);
			defaultConfigurationIsVisible = 0;
			defaultConfigurationName = Release;
		};
		AC4F81172E489DAD00161A23 /* Build configuration list for PBXNativeTarget "Ganttiek" */ = {
			isa = XCConfigurationList;
			buildConfigurations = (
				AC4F81182E489DAD00161A23 /* Debug */,
				AC4F81192E489DAD00161A23 /* Release */,
			);
			defaultConfigurationIsVisible = 0;
			defaultConfigurationName = Release;
		};
		AC4F811C2E489DAD00161A23 /* Build configuration list for PBXNativeTarget "GanttiekTests" */ = {
			isa = XCConfigurationList;
			buildConfigurations = (
				AC4F811D2E489DAD00161A23 /* Debug */,
				AC4F811E2E489DAD00161A23 /* Release */,
			);
			defaultConfigurationIsVisible = 0;
			defaultConfigurationName = Release;
		};
		AC4F811F2E489DAD00161A23 /* Build configuration list for PBXNativeTarget "GanttiekUITests" */ = {
			isa = XCConfigurationList;
			buildConfigurations = (
				AC4F81202E489DAD00161A23 /* Debug */,
				AC4F81212E489DAD00161A23 /* Release */,
			);
			defaultConfigurationIsVisible = 0;
			defaultConfigurationName = Release;
		};
		AC4F814D2E48A2E900161A23 /* Build configuration list for PBXNativeTarget "Ganttiek iOS" */ = {
			isa = XCConfigurationList;
			buildConfigurations = (
				AC4F814E2E48A2E900161A23 /* Debug */,
				AC4F814F2E48A2E900161A23 /* Release */,
			);
			defaultConfigurationIsVisible = 0;
			defaultConfigurationName = Release;
		};
		AC4F81502E48A2E900161A23 /* Build configuration list for PBXNativeTarget "Ganttiek iOSTests" */ = {
			isa = XCConfigurationList;
			buildConfigurations = (
				AC4F81512E48A2E900161A23 /* Debug */,
				AC4F81522E48A2E900161A23 /* Release */,
			);
			defaultConfigurationIsVisible = 0;
			defaultConfigurationName = Release;
		};
		AC4F81532E48A2E900161A23 /* Build configuration list for PBXNativeTarget "Ganttiek iOSUITests" */ = {
			isa = XCConfigurationList;
			buildConfigurations = (
				AC4F81542E48A2E900161A23 /* Debug */,
				AC4F81552E48A2E900161A23 /* Release */,
			);
			defaultConfigurationIsVisible = 0;
			defaultConfigurationName = Release;
		};
/* End XCConfigurationList section */
	};
	rootObject = AC4F80EB2E489DAC00161A23 /* Project object */;
}
